
Microsoft Visual Studio Solution File, Format Version 12.00
# Visual Studio 14
VisualStudioVersion = 14.0.25420.1
MinimumVisualStudioVersion = 10.0.40219.1
Project("{FAE04EC0-301F-11D3-BF4B-00C04F79EFBC}") = "SDP_Project", "SDP_Project\SDP_Project.csproj", "{229538A2-C565-409D-AD0D-767561A4268F}"
EndProject
Global
	GlobalSection(SolutionConfigurationPlatforms) = preSolution
		Debug|Any CPU = Debug|Any CPU
		Release|Any CPU = Release|Any CPU
	EndGlobalSection
	GlobalSection(ProjectConfigurationPlatforms) = postSolution
		{229538A2-C565-409D-AD0D-767561A4268F}.Debug|Any CPU.ActiveCfg = Debug|Any CPU
		{229538A2-C565-409D-AD0D-767561A4268F}.Debug|Any CPU.Build.0 = Debug|Any CPU
		{229538A2-C565-409D-AD0D-767561A4268F}.Release|Any CPU.ActiveCfg = Release|Any CPU
		{229538A2-C565-409D-AD0D-767561A4268F}.Release|Any CPU.Build.0 = Release|Any CPU
	EndGlobalSection
	GlobalSection(SolutionProperties) = preSolution
		HideSolutionNode = FALSE
	EndGlobalSection
EndGlobal
